
Microsoft Visual Studio Solution File, Format Version 12.00
# Visual Studio Version 16
VisualStudioVersion = 16.0.31112.23
MinimumVisualStudioVersion = 10.0.40219.1
Project("{FAE04EC0-301F-11D3-BF4B-00C04F79EFBC}") = "WinFormsBasics", "WinFormsBasics\WinFormsBasics.csproj", "{B2FCD1FD-0007-4DF9-8D14-C4576859F759}"
EndProject
Project("{FAE04EC0-301F-11D3-BF4B-00C04F79EFBC}") = "WinFormsCalendar", "WinFormsCalendar\WinFormsCalendar.csproj", "{7BFCD733-5D8C-4A87-8EA2-A396F455E09F}"
EndProject
Global
	GlobalSection(SolutionConfigurationPlatforms) = preSolution
		Debug|Any CPU = Debug|Any CPU
		Release|Any CPU = Release|Any CPU
	EndGlobalSection
	GlobalSection(ProjectConfigurationPlatforms) = postSolution
		{B2FCD1FD-0007-4DF9-8D14-C4576859F759}.Debug|Any CPU.ActiveCfg = Debug|Any CPU
		{B2FCD1FD-0007-4DF9-8D14-C4576859F759}.Debug|Any CPU.Build.0 = Debug|Any CPU
		{B2FCD1FD-0007-4DF9-8D14-C4576859F759}.Release|Any CPU.ActiveCfg = Release|Any CPU
		{B2FCD1FD-0007-4DF9-8D14-C4576859F759}.Release|Any CPU.Build.0 = Release|Any CPU
		{7BFCD733-5D8C-4A87-8EA2-A396F455E09F}.Debug|Any CPU.ActiveCfg = Debug|Any CPU
		{7BFCD733-5D8C-4A87-8EA2-A396F455E09F}.Debug|Any CPU.Build.0 = Debug|Any CPU
		{7BFCD733-5D8C-4A87-8EA2-A396F455E09F}.Release|Any CPU.ActiveCfg = Release|Any CPU
		{7BFCD733-5D8C-4A87-8EA2-A396F455E09F}.Release|Any CPU.Build.0 = Release|Any CPU
	EndGlobalSection
	GlobalSection(SolutionProperties) = preSolution
		HideSolutionNode = FALSE
	EndGlobalSection
	GlobalSection(ExtensibilityGlobals) = postSolution
		SolutionGuid = {47867761-D6C7-4F9C-9ADB-BB42127C5892}
	EndGlobalSection
EndGlobal
