
Microsoft Visual Studio Solution File, Format Version 12.00
# Visual Studio Version 16
VisualStudioVersion = 16.0.31112.23
MinimumVisualStudioVersion = 10.0.40219.1
Project("{FAE04EC0-301F-11D3-BF4B-00C04F79EFBC}") = "RoomPlanner", "RoomPlanner\RoomPlanner.csproj", "{E037C68E-FC16-434B-88CA-0267EF2FFE2A}"
EndProject
Global
	GlobalSection(SolutionConfigurationPlatforms) = preSolution
		Debug|Any CPU = Debug|Any CPU
		Release|Any CPU = Release|Any CPU
	EndGlobalSection
	GlobalSection(ProjectConfigurationPlatforms) = postSolution
		{E037C68E-FC16-434B-88CA-0267EF2FFE2A}.Debug|Any CPU.ActiveCfg = Debug|Any CPU
		{E037C68E-FC16-434B-88CA-0267EF2FFE2A}.Debug|Any CPU.Build.0 = Debug|Any CPU
		{E037C68E-FC16-434B-88CA-0267EF2FFE2A}.Release|Any CPU.ActiveCfg = Release|Any CPU
		{E037C68E-FC16-434B-88CA-0267EF2FFE2A}.Release|Any CPU.Build.0 = Release|Any CPU
	EndGlobalSection
	GlobalSection(SolutionProperties) = preSolution
		HideSolutionNode = FALSE
	EndGlobalSection
	GlobalSection(ExtensibilityGlobals) = postSolution
		SolutionGuid = {FB23977C-5C9E-4E23-8ED2-BF173FD7A38C}
	EndGlobalSection
EndGlobal
