
Microsoft Visual Studio Solution File, Format Version 12.00
# Visual Studio Version 16
VisualStudioVersion = 16.0.31112.23
MinimumVisualStudioVersion = 10.0.40219.1
Project("{9A19103F-16F7-4668-BE54-9A1E7A4F7556}") = "WpfTutorial", "WpfTutorial\WpfTutorial.csproj", "{A6913E61-C535-4AD7-A5C9-3071B35BB021}"
EndProject
Project("{9A19103F-16F7-4668-BE54-9A1E7A4F7556}") = "WpfColorPicker", "WpfColorPicker\WpfColorPicker.csproj", "{4288390B-EF1D-47E0-94BD-EDA73A327CE4}"
EndProject
Project("{FAE04EC0-301F-11D3-BF4B-00C04F79EFBC}") = "WpfColorsPreview", "WpfColorsPreview\WpfColorsPreview.csproj", "{4C328AFF-13C0-4AE1-AD8D-1E808F5179A6}"
EndProject
Project("{FAE04EC0-301F-11D3-BF4B-00C04F79EFBC}") = "Wpf3DCube", "Wpf3DCube\Wpf3DCube.csproj", "{66B8CE0A-D9AC-4FB4-BEBB-530E678D4A6D}"
EndProject
Global
	GlobalSection(SolutionConfigurationPlatforms) = preSolution
		Debug|Any CPU = Debug|Any CPU
		Release|Any CPU = Release|Any CPU
	EndGlobalSection
	GlobalSection(ProjectConfigurationPlatforms) = postSolution
		{A6913E61-C535-4AD7-A5C9-3071B35BB021}.Debug|Any CPU.ActiveCfg = Debug|Any CPU
		{A6913E61-C535-4AD7-A5C9-3071B35BB021}.Debug|Any CPU.Build.0 = Debug|Any CPU
		{A6913E61-C535-4AD7-A5C9-3071B35BB021}.Release|Any CPU.ActiveCfg = Release|Any CPU
		{A6913E61-C535-4AD7-A5C9-3071B35BB021}.Release|Any CPU.Build.0 = Release|Any CPU
		{4288390B-EF1D-47E0-94BD-EDA73A327CE4}.Debug|Any CPU.ActiveCfg = Debug|Any CPU
		{4288390B-EF1D-47E0-94BD-EDA73A327CE4}.Debug|Any CPU.Build.0 = Debug|Any CPU
		{4288390B-EF1D-47E0-94BD-EDA73A327CE4}.Release|Any CPU.ActiveCfg = Release|Any CPU
		{4288390B-EF1D-47E0-94BD-EDA73A327CE4}.Release|Any CPU.Build.0 = Release|Any CPU
		{4C328AFF-13C0-4AE1-AD8D-1E808F5179A6}.Debug|Any CPU.ActiveCfg = Debug|Any CPU
		{4C328AFF-13C0-4AE1-AD8D-1E808F5179A6}.Debug|Any CPU.Build.0 = Debug|Any CPU
		{4C328AFF-13C0-4AE1-AD8D-1E808F5179A6}.Release|Any CPU.ActiveCfg = Release|Any CPU
		{4C328AFF-13C0-4AE1-AD8D-1E808F5179A6}.Release|Any CPU.Build.0 = Release|Any CPU
		{66B8CE0A-D9AC-4FB4-BEBB-530E678D4A6D}.Debug|Any CPU.ActiveCfg = Debug|Any CPU
		{66B8CE0A-D9AC-4FB4-BEBB-530E678D4A6D}.Debug|Any CPU.Build.0 = Debug|Any CPU
		{66B8CE0A-D9AC-4FB4-BEBB-530E678D4A6D}.Release|Any CPU.ActiveCfg = Release|Any CPU
		{66B8CE0A-D9AC-4FB4-BEBB-530E678D4A6D}.Release|Any CPU.Build.0 = Release|Any CPU
	EndGlobalSection
	GlobalSection(SolutionProperties) = preSolution
		HideSolutionNode = FALSE
	EndGlobalSection
	GlobalSection(ExtensibilityGlobals) = postSolution
		SolutionGuid = {C0C505E2-876A-4516-9B36-46023EC6EF98}
	EndGlobalSection
EndGlobal
