
Microsoft Visual Studio Solution File, Format Version 12.00
# Visual Studio Version 16
VisualStudioVersion = 16.0.31112.23
MinimumVisualStudioVersion = 10.0.40219.1
Project("{FAE04EC0-301F-11D3-BF4B-00C04F79EFBC}") = "Lab09 - WPF - Fourier Plotter - HomePart", "Lab09 - WPF - Fourier Plotter - HomePart.csproj", "{9C447D2B-63C4-4FBE-9473-4936386EEADB}"
EndProject
Global
	GlobalSection(SolutionConfigurationPlatforms) = preSolution
		Debug|Any CPU = Debug|Any CPU
		Release|Any CPU = Release|Any CPU
	EndGlobalSection
	GlobalSection(ProjectConfigurationPlatforms) = postSolution
		{9C447D2B-63C4-4FBE-9473-4936386EEADB}.Debug|Any CPU.ActiveCfg = Debug|Any CPU
		{9C447D2B-63C4-4FBE-9473-4936386EEADB}.Debug|Any CPU.Build.0 = Debug|Any CPU
		{9C447D2B-63C4-4FBE-9473-4936386EEADB}.Release|Any CPU.ActiveCfg = Release|Any CPU
		{9C447D2B-63C4-4FBE-9473-4936386EEADB}.Release|Any CPU.Build.0 = Release|Any CPU
	EndGlobalSection
	GlobalSection(SolutionProperties) = preSolution
		HideSolutionNode = FALSE
	EndGlobalSection
	GlobalSection(ExtensibilityGlobals) = postSolution
		SolutionGuid = {8B9BF759-A004-428B-8C67-8D67A15AF16D}
	EndGlobalSection
EndGlobal
